// !$*UTF8*$!
{
	archiveVersion = 1;
	classes = {
	};
	objectVersion = 46;
	objects = {

/* Begin PBXBuildFile section */
		8842106B1D1CB5D500F7FBE2 /* main.m in Sources */ = {isa = PBXBuildFile; fileRef = 8842106A1D1CB5D500F7FBE2 /* main.m */; };
		8842106E1D1CB5D500F7FBE2 /* AppDelegate.m in Sources */ = {isa = PBXBuildFile; fileRef = 8842106D1D1CB5D500F7FBE2 /* AppDelegate.m */; };
		884210741D1CB5D500F7FBE2 /* Main.storyboard in Resources */ = {isa = PBXBuildFile; fileRef = 884210721D1CB5D500F7FBE2 /* Main.storyboard */; };
		884210771D1CB5D500F7FBE2 /* BlocNotes.xcdatamodeld in Sources */ = {isa = PBXBuildFile; fileRef = 884210751D1CB5D500F7FBE2 /* BlocNotes.xcdatamodeld */; };
		884210791D1CB5D500F7FBE2 /* Assets.xcassets in Resources */ = {isa = PBXBuildFile; fileRef = 884210781D1CB5D500F7FBE2 /* Assets.xcassets */; };
		8842107C1D1CB5D500F7FBE2 /* LaunchScreen.storyboard in Resources */ = {isa = PBXBuildFile; fileRef = 8842107A1D1CB5D500F7FBE2 /* LaunchScreen.storyboard */; };
		8842108E1D207E6A00F7FBE2 /* CoreDataStack.m in Sources */ = {isa = PBXBuildFile; fileRef = 8842108D1D207E6A00F7FBE2 /* CoreDataStack.m */; };
		884210931D208E0F00F7FBE2 /* Note+CoreDataProperties.m in Sources */ = {isa = PBXBuildFile; fileRef = 884210901D208E0F00F7FBE2 /* Note+CoreDataProperties.m */; };
		884210941D208E0F00F7FBE2 /* Note.m in Sources */ = {isa = PBXBuildFile; fileRef = 884210921D208E0F00F7FBE2 /* Note.m */; };
		8842109A1D20F23800F7FBE2 /* DetailNoteViewController.m in Sources */ = {isa = PBXBuildFile; fileRef = 884210991D20F23800F7FBE2 /* DetailNoteViewController.m */; };
		8842109D1D20F46700F7FBE2 /* NotesTableViewController.m in Sources */ = {isa = PBXBuildFile; fileRef = 8842109C1D20F46700F7FBE2 /* NotesTableViewController.m */; };
		8870C9481D305F330069C8AF /* ShareViewController.m in Sources */ = {isa = PBXBuildFile; fileRef = 8870C9471D305F330069C8AF /* ShareViewController.m */; };
		8870C94B1D305F330069C8AF /* MainInterface.storyboard in Resources */ = {isa = PBXBuildFile; fileRef = 8870C9491D305F330069C8AF /* MainInterface.storyboard */; };
		8870C94F1D305F330069C8AF /* BlocNotesShareExtension.appex in Embed App Extensions */ = {isa = PBXBuildFile; fileRef = 8870C9441D305F330069C8AF /* BlocNotesShareExtension.appex */; settings = {ATTRIBUTES = (RemoveHeadersOnCopy, ); }; };
/* End PBXBuildFile section */

/* Begin PBXContainerItemProxy section */
		8870C94D1D305F330069C8AF /* PBXContainerItemProxy */ = {
			isa = PBXContainerItemProxy;
			containerPortal = 8842105E1D1CB5D500F7FBE2 /* Project object */;
			proxyType = 1;
			remoteGlobalIDString = 8870C9431D305F330069C8AF;
			remoteInfo = BlocNotesShareExtension;
		};
/* End PBXContainerItemProxy section */

/* Begin PBXCopyFilesBuildPhase section */
		8870C9531D305F330069C8AF /* Embed App Extensions */ = {
			isa = PBXCopyFilesBuildPhase;
			buildActionMask = 2147483647;
			dstPath = "";
			dstSubfolderSpec = 13;
			files = (
				8870C94F1D305F330069C8AF /* BlocNotesShareExtension.appex in Embed App Extensions */,
			);
			name = "Embed App Extensions";
			runOnlyForDeploymentPostprocessing = 0;
		};
/* End PBXCopyFilesBuildPhase section */

/* Begin PBXFileReference section */
		884210661D1CB5D500F7FBE2 /* BlocNotes.app */ = {isa = PBXFileReference; explicitFileType = wrapper.application; includeInIndex = 0; path = BlocNotes.app; sourceTree = BUILT_PRODUCTS_DIR; };
		8842106A1D1CB5D500F7FBE2 /* main.m */ = {isa = PBXFileReference; lastKnownFileType = sourcecode.c.objc; path = main.m; sourceTree = "<group>"; };
		8842106C1D1CB5D500F7FBE2 /* AppDelegate.h */ = {isa = PBXFileReference; lastKnownFileType = sourcecode.c.h; path = AppDelegate.h; sourceTree = "<group>"; };
		8842106D1D1CB5D500F7FBE2 /* AppDelegate.m */ = {isa = PBXFileReference; lastKnownFileType = sourcecode.c.objc; path = AppDelegate.m; sourceTree = "<group>"; };
		884210731D1CB5D500F7FBE2 /* Base */ = {isa = PBXFileReference; lastKnownFileType = file.storyboard; name = Base; path = Base.lproj/Main.storyboard; sourceTree = "<group>"; };
		884210761D1CB5D500F7FBE2 /* BlocNotes.xcdatamodel */ = {isa = PBXFileReference; lastKnownFileType = wrapper.xcdatamodel; path = BlocNotes.xcdatamodel; sourceTree = "<group>"; };
		884210781D1CB5D500F7FBE2 /* Assets.xcassets */ = {isa = PBXFileReference; lastKnownFileType = folder.assetcatalog; path = Assets.xcassets; sourceTree = "<group>"; };
		8842107B1D1CB5D500F7FBE2 /* Base */ = {isa = PBXFileReference; lastKnownFileType = file.storyboard; name = Base; path = Base.lproj/LaunchScreen.storyboard; sourceTree = "<group>"; };
		8842107D1D1CB5D500F7FBE2 /* Info.plist */ = {isa = PBXFileReference; lastKnownFileType = text.plist.xml; path = Info.plist; sourceTree = "<group>"; };
		8842108C1D207E6A00F7FBE2 /* CoreDataStack.h */ = {isa = PBXFileReference; fileEncoding = 4; lastKnownFileType = sourcecode.c.h; path = CoreDataStack.h; sourceTree = "<group>"; };
		8842108D1D207E6A00F7FBE2 /* CoreDataStack.m */ = {isa = PBXFileReference; fileEncoding = 4; lastKnownFileType = sourcecode.c.objc; path = CoreDataStack.m; sourceTree = "<group>"; };
		8842108F1D208E0F00F7FBE2 /* Note+CoreDataProperties.h */ = {isa = PBXFileReference; fileEncoding = 4; lastKnownFileType = sourcecode.c.h; path = "Note+CoreDataProperties.h"; sourceTree = "<group>"; };
		884210901D208E0F00F7FBE2 /* Note+CoreDataProperties.m */ = {isa = PBXFileReference; fileEncoding = 4; lastKnownFileType = sourcecode.c.objc; path = "Note+CoreDataProperties.m"; sourceTree = "<group>"; };
		884210911D208E0F00F7FBE2 /* Note.h */ = {isa = PBXFileReference; fileEncoding = 4; lastKnownFileType = sourcecode.c.h; path = Note.h; sourceTree = "<group>"; };
		884210921D208E0F00F7FBE2 /* Note.m */ = {isa = PBXFileReference; fileEncoding = 4; lastKnownFileType = sourcecode.c.objc; path = Note.m; sourceTree = "<group>"; };
		884210981D20F23800F7FBE2 /* DetailNoteViewController.h */ = {isa = PBXFileReference; fileEncoding = 4; lastKnownFileType = sourcecode.c.h; path = DetailNoteViewController.h; sourceTree = "<group>"; };
		884210991D20F23800F7FBE2 /* DetailNoteViewController.m */ = {isa = PBXFileReference; fileEncoding = 4; lastKnownFileType = sourcecode.c.objc; path = DetailNoteViewController.m; sourceTree = "<group>"; };
		8842109B1D20F46700F7FBE2 /* NotesTableViewController.h */ = {isa = PBXFileReference; fileEncoding = 4; lastKnownFileType = sourcecode.c.h; path = NotesTableViewController.h; sourceTree = "<group>"; };
		8842109C1D20F46700F7FBE2 /* NotesTableViewController.m */ = {isa = PBXFileReference; fileEncoding = 4; lastKnownFileType = sourcecode.c.objc; path = NotesTableViewController.m; sourceTree = "<group>"; };
		884210C21D2A0D3300F7FBE2 /* BlocNotes v2.xcdatamodel */ = {isa = PBXFileReference; lastKnownFileType = wrapper.xcdatamodel; path = "BlocNotes v2.xcdatamodel"; sourceTree = "<group>"; };
		8870C9441D305F330069C8AF /* BlocNotesShareExtension.appex */ = {isa = PBXFileReference; explicitFileType = "wrapper.app-extension"; includeInIndex = 0; path = BlocNotesShareExtension.appex; sourceTree = BUILT_PRODUCTS_DIR; };
		8870C9461D305F330069C8AF /* ShareViewController.h */ = {isa = PBXFileReference; lastKnownFileType = sourcecode.c.h; path = ShareViewController.h; sourceTree = "<group>"; };
		8870C9471D305F330069C8AF /* ShareViewController.m */ = {isa = PBXFileReference; lastKnownFileType = sourcecode.c.objc; path = ShareViewController.m; sourceTree = "<group>"; };
		8870C94A1D305F330069C8AF /* Base */ = {isa = PBXFileReference; lastKnownFileType = file.storyboard; name = Base; path = Base.lproj/MainInterface.storyboard; sourceTree = "<group>"; };
		8870C94C1D305F330069C8AF /* Info.plist */ = {isa = PBXFileReference; lastKnownFileType = text.plist.xml; path = Info.plist; sourceTree = "<group>"; };
		8870C9541D305F550069C8AF /* BlocNotes.entitlements */ = {isa = PBXFileReference; lastKnownFileType = text.xml; path = BlocNotes.entitlements; sourceTree = "<group>"; };
		8870C9551D305F6C0069C8AF /* BlocNotesShareExtension.entitlements */ = {isa = PBXFileReference; lastKnownFileType = text.xml; path = BlocNotesShareExtension.entitlements; sourceTree = "<group>"; };
/* End PBXFileReference section */

/* Begin PBXFrameworksBuildPhase section */
		884210631D1CB5D500F7FBE2 /* Frameworks */ = {
			isa = PBXFrameworksBuildPhase;
			buildActionMask = 2147483647;
			files = (
			);
			runOnlyForDeploymentPostprocessing = 0;
		};
		8870C9411D305F330069C8AF /* Frameworks */ = {
			isa = PBXFrameworksBuildPhase;
			buildActionMask = 2147483647;
			files = (
			);
			runOnlyForDeploymentPostprocessing = 0;
		};
/* End PBXFrameworksBuildPhase section */

/* Begin PBXGroup section */
		8842105D1D1CB5D500F7FBE2 = {
			isa = PBXGroup;
			children = (
				884210681D1CB5D500F7FBE2 /* BlocNotes */,
				8870C9451D305F330069C8AF /* BlocNotesShareExtension */,
				884210671D1CB5D500F7FBE2 /* Products */,
			);
			sourceTree = "<group>";
		};
		884210671D1CB5D500F7FBE2 /* Products */ = {
			isa = PBXGroup;
			children = (
				884210661D1CB5D500F7FBE2 /* BlocNotes.app */,
				8870C9441D305F330069C8AF /* BlocNotesShareExtension.appex */,
			);
			name = Products;
			sourceTree = "<group>";
		};
		884210681D1CB5D500F7FBE2 /* BlocNotes */ = {
			isa = PBXGroup;
			children = (
				8870C9541D305F550069C8AF /* BlocNotes.entitlements */,
				8842108F1D208E0F00F7FBE2 /* Note+CoreDataProperties.h */,
				884210901D208E0F00F7FBE2 /* Note+CoreDataProperties.m */,
				884210911D208E0F00F7FBE2 /* Note.h */,
				884210921D208E0F00F7FBE2 /* Note.m */,
				8842108C1D207E6A00F7FBE2 /* CoreDataStack.h */,
				8842108D1D207E6A00F7FBE2 /* CoreDataStack.m */,
				8842106C1D1CB5D500F7FBE2 /* AppDelegate.h */,
				8842106D1D1CB5D500F7FBE2 /* AppDelegate.m */,
				8842109B1D20F46700F7FBE2 /* NotesTableViewController.h */,
				8842109C1D20F46700F7FBE2 /* NotesTableViewController.m */,
				884210981D20F23800F7FBE2 /* DetailNoteViewController.h */,
				884210991D20F23800F7FBE2 /* DetailNoteViewController.m */,
				884210721D1CB5D500F7FBE2 /* Main.storyboard */,
				884210781D1CB5D500F7FBE2 /* Assets.xcassets */,
				8842107A1D1CB5D500F7FBE2 /* LaunchScreen.storyboard */,
				8842107D1D1CB5D500F7FBE2 /* Info.plist */,
				884210751D1CB5D500F7FBE2 /* BlocNotes.xcdatamodeld */,
				884210691D1CB5D500F7FBE2 /* Supporting Files */,
			);
			path = BlocNotes;
			sourceTree = "<group>";
		};
		884210691D1CB5D500F7FBE2 /* Supporting Files */ = {
			isa = PBXGroup;
			children = (
				8842106A1D1CB5D500F7FBE2 /* main.m */,
			);
			name = "Supporting Files";
			sourceTree = "<group>";
		};
		8870C9451D305F330069C8AF /* BlocNotesShareExtension */ = {
			isa = PBXGroup;
			children = (
				8870C9551D305F6C0069C8AF /* BlocNotesShareExtension.entitlements */,
				8870C9461D305F330069C8AF /* ShareViewController.h */,
				8870C9471D305F330069C8AF /* ShareViewController.m */,
				8870C9491D305F330069C8AF /* MainInterface.storyboard */,
				8870C94C1D305F330069C8AF /* Info.plist */,
			);
			path = BlocNotesShareExtension;
			sourceTree = "<group>";
		};
/* End PBXGroup section */

/* Begin PBXNativeTarget section */
		884210651D1CB5D500F7FBE2 /* BlocNotes */ = {
			isa = PBXNativeTarget;
			buildConfigurationList = 884210801D1CB5D500F7FBE2 /* Build configuration list for PBXNativeTarget "BlocNotes" */;
			buildPhases = (
				884210621D1CB5D500F7FBE2 /* Sources */,
				884210631D1CB5D500F7FBE2 /* Frameworks */,
				884210641D1CB5D500F7FBE2 /* Resources */,
				8870C9531D305F330069C8AF /* Embed App Extensions */,
			);
			buildRules = (
			);
			dependencies = (
				8870C94E1D305F330069C8AF /* PBXTargetDependency */,
			);
			name = BlocNotes;
			productName = BlocNotes;
			productReference = 884210661D1CB5D500F7FBE2 /* BlocNotes.app */;
			productType = "com.apple.product-type.application";
		};
		8870C9431D305F330069C8AF /* BlocNotesShareExtension */ = {
			isa = PBXNativeTarget;
			buildConfigurationList = 8870C9521D305F330069C8AF /* Build configuration list for PBXNativeTarget "BlocNotesShareExtension" */;
			buildPhases = (
				8870C9401D305F330069C8AF /* Sources */,
				8870C9411D305F330069C8AF /* Frameworks */,
				8870C9421D305F330069C8AF /* Resources */,
			);
			buildRules = (
			);
			dependencies = (
			);
			name = BlocNotesShareExtension;
			productName = BlocNotesShareExtension;
			productReference = 8870C9441D305F330069C8AF /* BlocNotesShareExtension.appex */;
			productType = "com.apple.product-type.app-extension";
		};
/* End PBXNativeTarget section */

/* Begin PBXProject section */
		8842105E1D1CB5D500F7FBE2 /* Project object */ = {
			isa = PBXProject;
			attributes = {
				LastUpgradeCheck = 0730;
				ORGANIZATIONNAME = "chan-e";
				TargetAttributes = {
					884210651D1CB5D500F7FBE2 = {
						CreatedOnToolsVersion = 7.3.1;
						DevelopmentTeam = X83HZNZSM6;
						SystemCapabilities = {
							com.apple.ApplicationGroups.iOS = {
								enabled = 1;
							};
						};
					};
					8870C9431D305F330069C8AF = {
						CreatedOnToolsVersion = 7.3.1;
						DevelopmentTeam = X83HZNZSM6;
						SystemCapabilities = {
							com.apple.ApplicationGroups.iOS = {
								enabled = 1;
							};
						};
					};
				};
			};
			buildConfigurationList = 884210611D1CB5D500F7FBE2 /* Build configuration list for PBXProject "BlocNotes" */;
			compatibilityVersion = "Xcode 3.2";
			developmentRegion = English;
			hasScannedForEncodings = 0;
			knownRegions = (
				en,
				Base,
			);
			mainGroup = 8842105D1D1CB5D500F7FBE2;
			productRefGroup = 884210671D1CB5D500F7FBE2 /* Products */;
			projectDirPath = "";
			projectRoot = "";
			targets = (
				884210651D1CB5D500F7FBE2 /* BlocNotes */,
				8870C9431D305F330069C8AF /* BlocNotesShareExtension */,
			);
		};
/* End PBXProject section */

/* Begin PBXResourcesBuildPhase section */
		884210641D1CB5D500F7FBE2 /* Resources */ = {
			isa = PBXResourcesBuildPhase;
			buildActionMask = 2147483647;
			files = (
				8842107C1D1CB5D500F7FBE2 /* LaunchScreen.storyboard in Resources */,
				884210791D1CB5D500F7FBE2 /* Assets.xcassets in Resources */,
				884210741D1CB5D500F7FBE2 /* Main.storyboard in Resources */,
			);
			runOnlyForDeploymentPostprocessing = 0;
		};
		8870C9421D305F330069C8AF /* Resources */ = {
			isa = PBXResourcesBuildPhase;
			buildActionMask = 2147483647;
			files = (
				8870C94B1D305F330069C8AF /* MainInterface.storyboard in Resources */,
			);
			runOnlyForDeploymentPostprocessing = 0;
		};
/* End PBXResourcesBuildPhase section */

/* Begin PBXSourcesBuildPhase section */
		884210621D1CB5D500F7FBE2 /* Sources */ = {
			isa = PBXSourcesBuildPhase;
			buildActionMask = 2147483647;
			files = (
				8842108E1D207E6A00F7FBE2 /* CoreDataStack.m in Sources */,
				8842106E1D1CB5D500F7FBE2 /* AppDelegate.m in Sources */,
				8842106B1D1CB5D500F7FBE2 /* main.m in Sources */,
				884210771D1CB5D500F7FBE2 /* BlocNotes.xcdatamodeld in Sources */,
				884210941D208E0F00F7FBE2 /* Note.m in Sources */,
				8842109A1D20F23800F7FBE2 /* DetailNoteViewController.m in Sources */,
				884210931D208E0F00F7FBE2 /* Note+CoreDataProperties.m in Sources */,
				8842109D1D20F46700F7FBE2 /* NotesTableViewController.m in Sources */,
			);
			runOnlyForDeploymentPostprocessing = 0;
		};
		8870C9401D305F330069C8AF /* Sources */ = {
			isa = PBXSourcesBuildPhase;
			buildActionMask = 2147483647;
			files = (
				8870C9481D305F330069C8AF /* ShareViewController.m in Sources */,
			);
			runOnlyForDeploymentPostprocessing = 0;
		};
/* End PBXSourcesBuildPhase section */

/* Begin PBXTargetDependency section */
		8870C94E1D305F330069C8AF /* PBXTargetDependency */ = {
			isa = PBXTargetDependency;
			target = 8870C9431D305F330069C8AF /* BlocNotesShareExtension */;
			targetProxy = 8870C94D1D305F330069C8AF /* PBXContainerItemProxy */;
		};
/* End PBXTargetDependency section */

/* Begin PBXVariantGroup section */
		884210721D1CB5D500F7FBE2 /* Main.storyboard */ = {
			isa = PBXVariantGroup;
			children = (
				884210731D1CB5D500F7FBE2 /* Base */,
			);
			name = Main.storyboard;
			sourceTree = "<group>";
		};
		8842107A1D1CB5D500F7FBE2 /* LaunchScreen.storyboard */ = {
			isa = PBXVariantGroup;
			children = (
				8842107B1D1CB5D500F7FBE2 /* Base */,
			);
			name = LaunchScreen.storyboard;
			sourceTree = "<group>";
		};
		8870C9491D305F330069C8AF /* MainInterface.storyboard */ = {
			isa = PBXVariantGroup;
			children = (
				8870C94A1D305F330069C8AF /* Base */,
			);
			name = MainInterface.storyboard;
			sourceTree = "<group>";
		};
/* End PBXVariantGroup section */

/* Begin XCBuildConfiguration section */
		8842107E1D1CB5D500F7FBE2 /* Debug */ = {
			isa = XCBuildConfiguration;
			buildSettings = {
				ALWAYS_SEARCH_USER_PATHS = NO;
				CLANG_ANALYZER_NONNULL = YES;
				CLANG_CXX_LANGUAGE_STANDARD = "gnu++0x";
				CLANG_CXX_LIBRARY = "libc++";
				CLANG_ENABLE_MODULES = YES;
				CLANG_ENABLE_OBJC_ARC = YES;
				CLANG_WARN_BOOL_CONVERSION = YES;
				CLANG_WARN_CONSTANT_CONVERSION = YES;
				CLANG_WARN_DIRECT_OBJC_ISA_USAGE = YES_ERROR;
				CLANG_WARN_EMPTY_BODY = YES;
				CLANG_WARN_ENUM_CONVERSION = YES;
				CLANG_WARN_INT_CONVERSION = YES;
				CLANG_WARN_OBJC_ROOT_CLASS = YES_ERROR;
				CLANG_WARN_UNREACHABLE_CODE = YES;
				CLANG_WARN__DUPLICATE_METHOD_MATCH = YES;
				"CODE_SIGN_IDENTITY[sdk=iphoneos*]" = "iPhone Developer";
				COPY_PHASE_STRIP = NO;
				DEBUG_INFORMATION_FORMAT = dwarf;
				ENABLE_STRICT_OBJC_MSGSEND = YES;
				ENABLE_TESTABILITY = YES;
				GCC_C_LANGUAGE_STANDARD = gnu99;
				GCC_DYNAMIC_NO_PIC = NO;
				GCC_NO_COMMON_BLOCKS = YES;
				GCC_OPTIMIZATION_LEVEL = 0;
				GCC_PREPROCESSOR_DEFINITIONS = (
					"DEBUG=1",
					"$(inherited)",
				);
				GCC_WARN_64_TO_32_BIT_CONVERSION = YES;
				GCC_WARN_ABOUT_RETURN_TYPE = YES_ERROR;
				GCC_WARN_UNDECLARED_SELECTOR = YES;
				GCC_WARN_UNINITIALIZED_AUTOS = YES_AGGRESSIVE;
				GCC_WARN_UNUSED_FUNCTION = YES;
				GCC_WARN_UNUSED_VARIABLE = YES;
				IPHONEOS_DEPLOYMENT_TARGET = 9.3;
				MTL_ENABLE_DEBUG_INFO = YES;
				ONLY_ACTIVE_ARCH = YES;
				SDKROOT = iphoneos;
				TARGETED_DEVICE_FAMILY = "1,2";
			};
			name = Debug;
		};
		8842107F1D1CB5D500F7FBE2 /* Release */ = {
			isa = XCBuildConfiguration;
			buildSettings = {
				ALWAYS_SEARCH_USER_PATHS = NO;
				CLANG_ANALYZER_NONNULL = YES;
				CLANG_CXX_LANGUAGE_STANDARD = "gnu++0x";
				CLANG_CXX_LIBRARY = "libc++";
				CLANG_ENABLE_MODULES = YES;
				CLANG_ENABLE_OBJC_ARC = YES;
				CLANG_WARN_BOOL_CONVERSION = YES;
				CLANG_WARN_CONSTANT_CONVERSION = YES;
				CLANG_WARN_DIRECT_OBJC_ISA_USAGE = YES_ERROR;
				CLANG_WARN_EMPTY_BODY = YES;
				CLANG_WARN_ENUM_CONVERSION = YES;
				CLANG_WARN_INT_CONVERSION = YES;
				CLANG_WARN_OBJC_ROOT_CLASS = YES_ERROR;
				CLANG_WARN_UNREACHABLE_CODE = YES;
				CLANG_WARN__DUPLICATE_METHOD_MATCH = YES;
				"CODE_SIGN_IDENTITY[sdk=iphoneos*]" = "iPhone Developer";
				COPY_PHASE_STRIP = NO;
				DEBUG_INFORMATION_FORMAT = "dwarf-with-dsym";
				ENABLE_NS_ASSERTIONS = NO;
				ENABLE_STRICT_OBJC_MSGSEND = YES;
				GCC_C_LANGUAGE_STANDARD = gnu99;
				GCC_NO_COMMON_BLOCKS = YES;
				GCC_WARN_64_TO_32_BIT_CONVERSION = YES;
				GCC_WARN_ABOUT_RETURN_TYPE = YES_ERROR;
				GCC_WARN_UNDECLARED_SELECTOR = YES;
				GCC_WARN_UNINITIALIZED_AUTOS = YES_AGGRESSIVE;
				GCC_WARN_UNUSED_FUNCTION = YES;
				GCC_WARN_UNUSED_VARIABLE = YES;
				IPHONEOS_DEPLOYMENT_TARGET = 9.3;
				MTL_ENABLE_DEBUG_INFO = NO;
				SDKROOT = iphoneos;
				TARGETED_DEVICE_FAMILY = "1,2";
				VALIDATE_PRODUCT = YES;
			};
			name = Release;
		};
		884210811D1CB5D500F7FBE2 /* Debug */ = {
			isa = XCBuildConfiguration;
			buildSettings = {
				ASSETCATALOG_COMPILER_APPICON_NAME = AppIcon;
				CODE_SIGN_ENTITLEMENTS = BlocNotes/BlocNotes.entitlements;
				INFOPLIST_FILE = BlocNotes/Info.plist;
				LD_RUNPATH_SEARCH_PATHS = "$(inherited) @executable_path/Frameworks";
				PRODUCT_BUNDLE_IDENTIFIER = "com.chan-e.BlocNotes";
				PRODUCT_NAME = "$(TARGET_NAME)";
			};
			name = Debug;
		};
		884210821D1CB5D500F7FBE2 /* Release */ = {
			isa = XCBuildConfiguration;
			buildSettings = {
				ASSETCATALOG_COMPILER_APPICON_NAME = AppIcon;
				CODE_SIGN_ENTITLEMENTS = BlocNotes/BlocNotes.entitlements;
				INFOPLIST_FILE = BlocNotes/Info.plist;
				LD_RUNPATH_SEARCH_PATHS = "$(inherited) @executable_path/Frameworks";
				PRODUCT_BUNDLE_IDENTIFIER = "com.chan-e.BlocNotes";
				PRODUCT_NAME = "$(TARGET_NAME)";
			};
			name = Release;
		};
		8870C9501D305F330069C8AF /* Debug */ = {
			isa = XCBuildConfiguration;
			buildSettings = {
				CODE_SIGN_ENTITLEMENTS = BlocNotesShareExtension/BlocNotesShareExtension.entitlements;
				INFOPLIST_FILE = BlocNotesShareExtension/Info.plist;
				LD_RUNPATH_SEARCH_PATHS = "$(inherited) @executable_path/Frameworks @executable_path/../../Frameworks";
				PRODUCT_BUNDLE_IDENTIFIER = "com.chan-e.BlocNotes.BlocNotesShareExtension";
				PRODUCT_NAME = "$(TARGET_NAME)";
				SKIP_INSTALL = YES;
			};
			name = Debug;
		};
		8870C9511D305F330069C8AF /* Release */ = {
			isa = XCBuildConfiguration;
			buildSettings = {
				CODE_SIGN_ENTITLEMENTS = BlocNotesShareExtension/BlocNotesShareExtension.entitlements;
				INFOPLIST_FILE = BlocNotesShareExtension/Info.plist;
				LD_RUNPATH_SEARCH_PATHS = "$(inherited) @executable_path/Frameworks @executable_path/../../Frameworks";
				PRODUCT_BUNDLE_IDENTIFIER = "com.chan-e.BlocNotes.BlocNotesShareExtension";
				PRODUCT_NAME = "$(TARGET_NAME)";
				SKIP_INSTALL = YES;
			};
			name = Release;
		};
/* End XCBuildConfiguration section */

/* Begin XCConfigurationList section */
		884210611D1CB5D500F7FBE2 /* Build configuration list for PBXProject "BlocNotes" */ = {
			isa = XCConfigurationList;
			buildConfigurations = (
				8842107E1D1CB5D500F7FBE2 /* Debug */,
				8842107F1D1CB5D500F7FBE2 /* Release */,
			);
			defaultConfigurationIsVisible = 0;
			defaultConfigurationName = Release;
		};
		884210801D1CB5D500F7FBE2 /* Build configuration list for PBXNativeTarget "BlocNotes" */ = {
			isa = XCConfigurationList;
			buildConfigurations = (
				884210811D1CB5D500F7FBE2 /* Debug */,
				884210821D1CB5D500F7FBE2 /* Release */,
			);
			defaultConfigurationIsVisible = 0;
			defaultConfigurationName = Release;
		};
		8870C9521D305F330069C8AF /* Build configuration list for PBXNativeTarget "BlocNotesShareExtension" */ = {
			isa = XCConfigurationList;
			buildConfigurations = (
				8870C9501D305F330069C8AF /* Debug */,
				8870C9511D305F330069C8AF /* Release */,
			);
			defaultConfigurationIsVisible = 0;
		};
/* End XCConfigurationList section */

/* Begin XCVersionGroup section */
		884210751D1CB5D500F7FBE2 /* BlocNotes.xcdatamodeld */ = {
			isa = XCVersionGroup;
			children = (
				884210C21D2A0D3300F7FBE2 /* BlocNotes v2.xcdatamodel */,
				884210761D1CB5D500F7FBE2 /* BlocNotes.xcdatamodel */,
			);
			currentVersion = 884210C21D2A0D3300F7FBE2 /* BlocNotes v2.xcdatamodel */;
			path = BlocNotes.xcdatamodeld;
			sourceTree = "<group>";
			versionGroupType = wrapper.xcdatamodel;
		};
/* End XCVersionGroup section */
	};
	rootObject = 8842105E1D1CB5D500F7FBE2 /* Project object */;
}
